
Microsoft Visual Studio Solution File, Format Version 12.00
# Visual Studio Version 17
VisualStudioVersion = 17.9.34714.143
MinimumVisualStudioVersion = 10.0.40219.1
Project("{9A19103F-16F7-4668-BE54-9A1E7A4F7556}") = "SuperMarket", "SuperMarket.csproj", "{DA2E1118-1A39-4718-B714-56453B73FA00}"
EndProject
Global
	GlobalSection(SolutionConfigurationPlatforms) = preSolution
		Debug|Any CPU = Debug|Any CPU
		Release|Any CPU = Release|Any CPU
	EndGlobalSection
	GlobalSection(ProjectConfigurationPlatforms) = postSolution
		{DA2E1118-1A39-4718-B714-56453B73FA00}.Debug|Any CPU.ActiveCfg = Debug|Any CPU
		{DA2E1118-1A39-4718-B714-56453B73FA00}.Debug|Any CPU.Build.0 = Debug|Any CPU
		{DA2E1118-1A39-4718-B714-56453B73FA00}.Release|Any CPU.ActiveCfg = Release|Any CPU
		{DA2E1118-1A39-4718-B714-56453B73FA00}.Release|Any CPU.Build.0 = Release|Any CPU
	EndGlobalSection
	GlobalSection(SolutionProperties) = preSolution
		HideSolutionNode = FALSE
	EndGlobalSection
	GlobalSection(ExtensibilityGlobals) = postSolution
		SolutionGuid = {CAA159F4-C1AE-4334-9A28-4BCD55B9A408}
	EndGlobalSection
EndGlobal
